
Microsoft Visual Studio Solution File, Format Version 12.00
# Visual Studio 15
VisualStudioVersion = 15.0.28307.168
MinimumVisualStudioVersion = 10.0.40219.1
Project("{FAE04EC0-301F-11D3-BF4B-00C04F79EFBC}") = "DebtsAPI", "DebtsAPI\DebtsAPI.csproj", "{29CBC806-DE77-4420-8883-8007156EE160}"
EndProject
Global
	GlobalSection(SolutionConfigurationPlatforms) = preSolution
		Debug|Any CPU = Debug|Any CPU
		Release|Any CPU = Release|Any CPU
	EndGlobalSection
	GlobalSection(ProjectConfigurationPlatforms) = postSolution
		{29CBC806-DE77-4420-8883-8007156EE160}.Debug|Any CPU.ActiveCfg = Debug|Any CPU
		{29CBC806-DE77-4420-8883-8007156EE160}.Debug|Any CPU.Build.0 = Debug|Any CPU
		{29CBC806-DE77-4420-8883-8007156EE160}.Release|Any CPU.ActiveCfg = Release|Any CPU
		{29CBC806-DE77-4420-8883-8007156EE160}.Release|Any CPU.Build.0 = Release|Any CPU
	EndGlobalSection
	GlobalSection(SolutionProperties) = preSolution
		HideSolutionNode = FALSE
	EndGlobalSection
	GlobalSection(ExtensibilityGlobals) = postSolution
		SolutionGuid = {6F368D29-75C9-45DD-B240-C600D7B05E2F}
	EndGlobalSection
EndGlobal
